
Microsoft Visual Studio Solution File, Format Version 12.00
# Visual Studio Version 16
VisualStudioVersion = 16.0.31005.135
MinimumVisualStudioVersion = 10.0.40219.1
Project("{9A19103F-16F7-4668-BE54-9A1E7A4F7556}") = "CofidisExercisetryout", "CofidisExercisetryout\CofidisExercisetryout.csproj", "{FEE3564E-C929-48C6-80C5-68A36C1EC4C8}"
EndProject
Global
	GlobalSection(SolutionConfigurationPlatforms) = preSolution
		Debug|Any CPU = Debug|Any CPU
		Release|Any CPU = Release|Any CPU
	EndGlobalSection
	GlobalSection(ProjectConfigurationPlatforms) = postSolution
		{FEE3564E-C929-48C6-80C5-68A36C1EC4C8}.Debug|Any CPU.ActiveCfg = Debug|Any CPU
		{FEE3564E-C929-48C6-80C5-68A36C1EC4C8}.Debug|Any CPU.Build.0 = Debug|Any CPU
		{FEE3564E-C929-48C6-80C5-68A36C1EC4C8}.Release|Any CPU.ActiveCfg = Release|Any CPU
		{FEE3564E-C929-48C6-80C5-68A36C1EC4C8}.Release|Any CPU.Build.0 = Release|Any CPU
	EndGlobalSection
	GlobalSection(SolutionProperties) = preSolution
		HideSolutionNode = FALSE
	EndGlobalSection
	GlobalSection(ExtensibilityGlobals) = postSolution
		SolutionGuid = {F33FE137-4A15-461C-9B6D-FA5E0414FD03}
	EndGlobalSection
EndGlobal
